
Microsoft Visual Studio Solution File, Format Version 12.00
# Visual Studio Version 16
VisualStudioVersion = 16.0.29613.14
MinimumVisualStudioVersion = 10.0.40219.1
Project("{FAE04EC0-301F-11D3-BF4B-00C04F79EFBC}") = "Picnel.io", "Picnel.io\Picnel.io.csproj", "{D6C49071-EFA3-4EF7-B3A5-AC5F0EED4519}"
EndProject
Global
	GlobalSection(SolutionConfigurationPlatforms) = preSolution
		Debug|Any CPU = Debug|Any CPU
		Release|Any CPU = Release|Any CPU
	EndGlobalSection
	GlobalSection(ProjectConfigurationPlatforms) = postSolution
		{D6C49071-EFA3-4EF7-B3A5-AC5F0EED4519}.Debug|Any CPU.ActiveCfg = Debug|Any CPU
		{D6C49071-EFA3-4EF7-B3A5-AC5F0EED4519}.Debug|Any CPU.Build.0 = Debug|Any CPU
		{D6C49071-EFA3-4EF7-B3A5-AC5F0EED4519}.Release|Any CPU.ActiveCfg = Release|Any CPU
		{D6C49071-EFA3-4EF7-B3A5-AC5F0EED4519}.Release|Any CPU.Build.0 = Release|Any CPU
	EndGlobalSection
	GlobalSection(SolutionProperties) = preSolution
		HideSolutionNode = FALSE
	EndGlobalSection
	GlobalSection(ExtensibilityGlobals) = postSolution
		SolutionGuid = {AE6E0E04-F7E4-41E6-B454-080914D7C310}
	EndGlobalSection
EndGlobal
